# This file was autogenerated by Stack.
# You should not edit this file by hand.
# For more information, please see the documentation at:
#   https://docs.haskellstack.org/en/stable/lock_files

packages:
- completed:
    hackage: MissingH-1.4.3.0@sha256:32f9892ec98cd21df4f4d3ed8d95a3831ae74287ea0641d6f09b2dc6ef061d39,4859
    pantry-tree:
      size: 5271
      sha256: 6cd6a7213615d72a7db3234c7fcd4346ceb4889bc8fb14b302b5878768018fcd
  original:
    hackage: MissingH-1.4.3.0@sha256:32f9892ec98cd21df4f4d3ed8d95a3831ae74287ea0641d6f09b2dc6ef061d39,4859
- completed:
    hackage: aeson-1.5.6.0@sha256:d3e76872f8634c9cd33eb128d6c4dd1bf0cc8d71d1f32055d774490d5f6dedf8,6786
    pantry-tree:
      size: 37981
      sha256: 10dbaacb905db0c0b0602cc3045d91079c3ca8eb981c356864a4a68cf2cf9784
  original:
    hackage: aeson-1.5.6.0@sha256:d3e76872f8634c9cd33eb128d6c4dd1bf0cc8d71d1f32055d774490d5f6dedf8,6786
- completed:
    hackage: cmdargs-0.10.21@sha256:a347cf8a16af30b9d8378209de0d1b7ac2b7b39e3af5d384383d8ef82315b37f,4241
    pantry-tree:
      size: 3122
      sha256: 97fc2d781012c77d60a239edb0b4fafdc680f7caa9aa123992bfd8bb4aeed276
  original:
    hackage: cmdargs-0.10.21@sha256:a347cf8a16af30b9d8378209de0d1b7ac2b7b39e3af5d384383d8ef82315b37f,4241
- completed:
    hackage: conduit-1.3.4.1@sha256:eeabaf3f822e3e15317995766f50ef4a20371bdc3bb4721a7541e37228018dcf,5129
    pantry-tree:
      size: 1957
      sha256: 301219d041e18a9d51c242c9aa68f6e04777cddfe1f767a1a36b1a21ea3e1ca3
  original:
    hackage: conduit-1.3.4.1@sha256:eeabaf3f822e3e15317995766f50ef4a20371bdc3bb4721a7541e37228018dcf,5129
- completed:
    hackage: conduit-extra-1.3.5@sha256:c3de6704df0b728d258827370b3de4e467a25d396037104639b859d743146365,4276
    pantry-tree:
      size: 2332
      sha256: a4c8b9cbd79e40c71b6534b08fca3bd1609874cbb13324629baa2a6c23c16c2b
  original:
    hackage: conduit-extra-1.3.5@sha256:c3de6704df0b728d258827370b3de4e467a25d396037104639b859d743146365,4276
- completed:
    hackage: data-default-0.7.1.1@sha256:2804e8d14f521a1edee88b68b66347448e7f3b685868290fdc55930e4471f5a9,645
    pantry-tree:
      size: 212
      sha256: 1db0dcb6890feff1b87ea180a4c4a0611cda399a700822bd75970a2b7ad02dbc
  original:
    hackage: data-default-0.7.1.1@sha256:2804e8d14f521a1edee88b68b66347448e7f3b685868290fdc55930e4471f5a9,645
- completed:
    hackage: fsnotify-0.3.0.1@sha256:58bb530d7acf93eb4ed69473e32a1485581815f04f69dfc8a278523781ba49dd,2988
    pantry-tree:
      size: 1130
      sha256: 8d1a410d34fd77e9b6603c9d1a940d7de63a85c852dbde467c0ef38c82ef6ea0
  original:
    hackage: fsnotify-0.3.0.1@sha256:58bb530d7acf93eb4ed69473e32a1485581815f04f69dfc8a278523781ba49dd,2988
- completed:
    hackage: hslogger-1.3.1.0@sha256:b88742d6b3e4c056d5787fc537a676b852431a410ccf658b034089ccd750ad12,2899
    pantry-tree:
      size: 1411
      sha256: 1aecc09faf16f828358036966aa5e0afcbaf5376c5c931889a0ac0edc7e98779
  original:
    hackage: hslogger-1.3.1.0@sha256:b88742d6b3e4c056d5787fc537a676b852431a410ccf658b034089ccd750ad12,2899
- completed:
    hackage: lens-5.0.1@sha256:c97fbe43ae6fe21d73f1a023d776bb05cd492f0afd1b3c3ff43e246af91f6852,15544
    pantry-tree:
      size: 8291
      sha256: 915f23967904b51276fbeb1181eb51b3d958f48273bb10de3914bea8184c0336
  original:
    hackage: lens-5.0.1@sha256:c97fbe43ae6fe21d73f1a023d776bb05cd492f0afd1b3c3ff43e246af91f6852,15544
- completed:
    hackage: resourcet-1.2.4.3@sha256:8d334105a5a9cd33759d2b1e949f616f8ba031d0374b4b07771a720ad14871e1,1730
    pantry-tree:
      size: 647
      sha256: 7a5c6f44ea9e422134b3b150378bc5bc48b4e11dfb5901f9282a939724f9b8bf
  original:
    hackage: resourcet-1.2.4.3@sha256:8d334105a5a9cd33759d2b1e949f616f8ba031d0374b4b07771a720ad14871e1,1730
- completed:
    hackage: safe-0.3.19@sha256:0910dafb8898f52bde4c646e560228a0fd08b1fca5457f222d2f5c0fad6d2039,2317
    pantry-tree:
      size: 564
      sha256: 40010636c24cebf3f3e29e9b3b8e6c35f249f5e5d253925433140bb0b4e3f891
  original:
    hackage: safe-0.3.19@sha256:0910dafb8898f52bde4c646e560228a0fd08b1fca5457f222d2f5c0fad6d2039,2317
- completed:
    hackage: safe-exceptions-0.1.7.2@sha256:8bc9cd9991863a238b3531dfc663f262016adbbd814f30b1c63a6ce914ff7906,1398
    pantry-tree:
      size: 510
      sha256: 8094e39c91c92731ae84f064d532ea73ff55015b6baa08b573dbcc7df94ec1a6
  original:
    hackage: safe-exceptions-0.1.7.2@sha256:8bc9cd9991863a238b3531dfc663f262016adbbd814f30b1c63a6ce914ff7906,1398
- completed:
    hackage: split-0.2.3.4@sha256:048c75891d63a03828f97667214aaaf0e67b7dcbfec297753e39939ffda6f51a,2647
    pantry-tree:
      size: 439
      sha256: 72c550dd427dc15a2195e16c84bdb4712060fe601d87e95674154b44403550d9
  original:
    hackage: split-0.2.3.4@sha256:048c75891d63a03828f97667214aaaf0e67b7dcbfec297753e39939ffda6f51a,2647
- completed:
    hackage: assoc-1.0.2@sha256:a824e4f615469a27ad949dbf4907ba258bd6b459deebec00524c7bcb3f65cc9f,1205
    pantry-tree:
      size: 290
      sha256: 0f909dd8aecabf2eab787a14e679083056abf14f97ed473ba642dac031dffc9f
  original:
    hackage: assoc-1.0.2@sha256:a824e4f615469a27ad949dbf4907ba258bd6b459deebec00524c7bcb3f65cc9f,1205
- completed:
    hackage: async-2.2.3@sha256:0cbefb8247308b38e397e675f832b9bd5317ff1872001d5358f213654423c55b,2920
    pantry-tree:
      size: 501
      sha256: 377430ac1100914cf69806a4b0471d6e2757da539f04462e5bbd1072e0ad1c80
  original:
    hackage: async-2.2.3@sha256:0cbefb8247308b38e397e675f832b9bd5317ff1872001d5358f213654423c55b,2920
- completed:
    hackage: attoparsec-0.14.1@sha256:5a11f0339fb7e65429683e8a36d44adca3fd8cd40704525969c691e359c48fa0,5966
    pantry-tree:
      size: 5305
      sha256: 7a15f72ed19d6c9075a601f2e32f25745afa4ea9d72dc4c22bde8ef1478d2c20
  original:
    hackage: attoparsec-0.14.1@sha256:5a11f0339fb7e65429683e8a36d44adca3fd8cd40704525969c691e359c48fa0,5966
- completed:
    hackage: base-compat-batteries-0.11.2@sha256:eb3b976007754ddc16e8d4afacdd1e575ae746edb57dcd0a1a728ccd4b372a69,8804
    pantry-tree:
      size: 10877
      sha256: d0377131f915a089a2d723d9c4ed040a810fc738b51fb7e78b74083527ee5d60
  original:
    hackage: base-compat-batteries-0.11.2@sha256:eb3b976007754ddc16e8d4afacdd1e575ae746edb57dcd0a1a728ccd4b372a69,8804
- completed:
    hackage: base-orphans-0.8.4@sha256:9a70dc95761ab9a9d49a038a4599b7b7945d486d80ed1678f347445bc336f3e0,3149
    pantry-tree:
      size: 1272
      sha256: a0bef7fa45e025ba23bf18d11240abc02cf82a4b9c087833af719d19427fe799
  original:
    hackage: base-orphans-0.8.4@sha256:9a70dc95761ab9a9d49a038a4599b7b7945d486d80ed1678f347445bc336f3e0,3149
- completed:
    hackage: bifunctors-5.5.11@sha256:cc425ee85aae56dba1123baf6fb3fa7abcd90782f26bb904eef14c7332ee85f6,3919
    pantry-tree:
      size: 1758
      sha256: d3f0fdcd108e771b5cb68ee068c9a8637494e0c513f0845124798cc9dcdd11f0
  original:
    hackage: bifunctors-5.5.11@sha256:cc425ee85aae56dba1123baf6fb3fa7abcd90782f26bb904eef14c7332ee85f6,3919
- completed:
    hackage: call-stack-0.4.0@sha256:ac44d2c00931dc20b01750da8c92ec443eb63a7231e8550188cb2ac2385f7feb,1200
    pantry-tree:
      size: 501
      sha256: 04134fa69cdd824b4e4bb7f77e7173e0705f27deabdbbf99549c549400191e1e
  original:
    hackage: call-stack-0.4.0@sha256:ac44d2c00931dc20b01750da8c92ec443eb63a7231e8550188cb2ac2385f7feb,1200
- completed:
    hackage: comonad-5.0.8@sha256:1f1aabd73ec7f80f20cf078a748a60cd48d8e57277802fdf6a9ab3601a9b8f7e,3631
    pantry-tree:
      size: 1618
      sha256: 394660fe7fa4127e5a181890bce28b9fcd6eb180ba25aa5566bc8b5bdd385517
  original:
    hackage: comonad-5.0.8@sha256:1f1aabd73ec7f80f20cf078a748a60cd48d8e57277802fdf6a9ab3601a9b8f7e,3631
- completed:
    hackage: contravariant-1.5.5@sha256:470ed0e040e879e2da4af1b2c8f94e199f6135852a8107858d5ae0a95365835f,3041
    pantry-tree:
      size: 652
      sha256: 9eb62fea28548dc8a0f60fd47c12843092b78b24ed771b8ad63a0bb34dba8bc4
  original:
    hackage: contravariant-1.5.5@sha256:470ed0e040e879e2da4af1b2c8f94e199f6135852a8107858d5ae0a95365835f,3041
- completed:
    hackage: data-default-class-0.1.2.0@sha256:63e62120b7efd733a5a17cf59ceb43268e9a929c748127172d7d42f4a336e327,542
    pantry-tree:
      size: 224
      sha256: 5017630b11698aefa65fc61cab84a257ce97833c968d425e1b2d53d6c3b5c096
  original:
    hackage: data-default-class-0.1.2.0@sha256:63e62120b7efd733a5a17cf59ceb43268e9a929c748127172d7d42f4a336e327,542
- completed:
    hackage: data-default-instances-containers-0.0.1@sha256:6e1f4b28028a3bc455aaf4b5a9104b71ea72cff78b1b8041863df7afd1a8deb3,527
    pantry-tree:
      size: 254
      sha256: 3e61b45fb5aa231cff29025b1d36561d7d6b17fa91cdddd15d854615a3fe1ae0
  original:
    hackage: data-default-instances-containers-0.0.1@sha256:6e1f4b28028a3bc455aaf4b5a9104b71ea72cff78b1b8041863df7afd1a8deb3,527
- completed:
    hackage: data-default-instances-dlist-0.0.1@sha256:4286abacbb256c392907701be16986a6e07f2beaf2778e7bd925465655d9e301,507
    pantry-tree:
      size: 244
      sha256: 705ebc2408e66631dac47e400fd963deaefe8a55de662b5f1950c47a590632ce
  original:
    hackage: data-default-instances-dlist-0.0.1@sha256:4286abacbb256c392907701be16986a6e07f2beaf2778e7bd925465655d9e301,507
- completed:
    hackage: data-default-instances-old-locale-0.0.1@sha256:d4a757f68f0f83531fcb34a4525fe6769c54a45182e28ffdfff19c2b0ace42fb,526
    pantry-tree:
      size: 253
      sha256: 91a62d701bea1432cc0126dd25005a4480e4a5082b2fae5e9d36f96fb8bbffb5
  original:
    hackage: data-default-instances-old-locale-0.0.1@sha256:d4a757f68f0f83531fcb34a4525fe6769c54a45182e28ffdfff19c2b0ace42fb,526
- completed:
    hackage: data-fix-0.3.2@sha256:ca5ee8d5e15d08e65e9af74004cd663391706c0a62b7d1c6d0023e4c34cd0038,1659
    pantry-tree:
      size: 262
      sha256: 345b7e23b48fb263ac33eb0fe822528b64f02b296cda98709209fe058910fdf4
  original:
    hackage: data-fix-0.3.2@sha256:ca5ee8d5e15d08e65e9af74004cd663391706c0a62b7d1c6d0023e4c34cd0038,1659
- completed:
    hackage: distributive-0.6.2.1@sha256:0f99f5541cca04acf89b64432b03422b6408e830a8dff30e6c4334ef1a48680c,2996
    pantry-tree:
      size: 735
      sha256: a42bed5fe0ba295643538312dee6c9436314c05a6f7efdd32b4303979f8bd744
  original:
    hackage: distributive-0.6.2.1@sha256:0f99f5541cca04acf89b64432b03422b6408e830a8dff30e6c4334ef1a48680c,2996
- completed:
    hackage: dlist-1.0@sha256:124cb3aa1decebd5171b46601b1f74cca6cfae12d266ace3799b86dd05ef7cb4,3560
    pantry-tree:
      size: 953
      sha256: 8467afe9c94b2756e5703fed0950b51418bd877acbdd72e9dc3488b8f28f4e82
  original:
    hackage: dlist-1.0@sha256:124cb3aa1decebd5171b46601b1f74cca6cfae12d266ace3799b86dd05ef7cb4,3560
- completed:
    hackage: exceptions-0.10.4@sha256:d2546046d7ba4b460d3bc7fd269cd2c52d0b7fb3cfecc038715dd0881b78a484,2796
    pantry-tree:
      size: 908
      sha256: 47c8edbb62334d318244124ebf8b188c08c8a98befd850ad3931041c10b549ac
  original:
    hackage: exceptions-0.10.4@sha256:d2546046d7ba4b460d3bc7fd269cd2c52d0b7fb3cfecc038715dd0881b78a484,2796
- completed:
    hackage: free-5.1.7@sha256:fe55684a2c445e9fac09053f4ea63270b429a65a7a7aea304e057d9f6a827b56,4959
    pantry-tree:
      size: 3308
      sha256: 36b2384f33c6057343d1e804c8b8e12ea056fe3baa81d6761fd363ddc6dcc6b3
  original:
    hackage: free-5.1.7@sha256:fe55684a2c445e9fac09053f4ea63270b429a65a7a7aea304e057d9f6a827b56,4959
- completed:
    hackage: hashable-1.3.2.0@sha256:02bc544e3546713b1d76a3c5bfc836a5fd19a5b4348ef4a52bb973d0c35a4b89,3992
    pantry-tree:
      size: 1050
      sha256: ceb49befc23c3b49c01569be32bc9b51b94fab99d2d74313b87fd2cd65b330d5
  original:
    hackage: hashable-1.3.2.0@sha256:02bc544e3546713b1d76a3c5bfc836a5fd19a5b4348ef4a52bb973d0c35a4b89,3992
- completed:
    hackage: hinotify-0.4.1@sha256:88b8934da67b526df25b1b00d57621ed0570989ad35e73b99883c80a6503990c,2716
    pantry-tree:
      size: 854
      sha256: 9ca65c2a2d49de2b616dd1b39d793076153e7768b2f9ab5590057870a200fce9
  original:
    hackage: hinotify-0.4.1@sha256:88b8934da67b526df25b1b00d57621ed0570989ad35e73b99883c80a6503990c,2716
- completed:
    hackage: indexed-traversable-0.1.1@sha256:e4602357513aa3b146546227732e6e5698392f4324ab690e109cc05676ba3b4f,2491
    pantry-tree:
      size: 495
      sha256: 1d22aa335cb3351684207d568d5e20ac2927698b55439ffbe274331e8ee5364f
  original:
    hackage: indexed-traversable-0.1.1@sha256:e4602357513aa3b146546227732e6e5698392f4324ab690e109cc05676ba3b4f,2491
- completed:
    hackage: indexed-traversable-instances-0.1@sha256:3aaf97040001bbe583e29c2b9c7d41660df265e6565a0d2ac09a3ed5b8bc21be,2874
    pantry-tree:
      size: 427
      sha256: d69630ba4b548b72eed15553586ce7b1e574cd8e4cc5b30d506ab3a697b26502
  original:
    hackage: indexed-traversable-instances-0.1@sha256:3aaf97040001bbe583e29c2b9c7d41660df265e6565a0d2ac09a3ed5b8bc21be,2874
- completed:
    hackage: kan-extensions-5.2.3@sha256:f98303d68cfe59981e30cd981327503a8bff429a6124654700c813ec1eedf8fa,2922
    pantry-tree:
      size: 1421
      sha256: 4e1dc9b85c4683b65f37d81efd3b02ebe368fcaad0e4e697a711d6abb57e3472
  original:
    hackage: kan-extensions-5.2.3@sha256:f98303d68cfe59981e30cd981327503a8bff429a6124654700c813ec1eedf8fa,2922
- completed:
    hackage: mono-traversable-1.0.15.1@sha256:9ea638260fb4ea04ef138b9954922531f61e50df427565ed6969138cac77ffaf,2252
    pantry-tree:
      size: 761
      sha256: 6794152ef62a5b08f7150d375ab0e90bf80a48a77a860701ea18f942a9cb2540
  original:
    hackage: mono-traversable-1.0.15.1@sha256:9ea638260fb4ea04ef138b9954922531f61e50df427565ed6969138cac77ffaf,2252
- completed:
    hackage: network-3.1.2.2@sha256:218e2968e03d99c40f32a2ef7cc41a848969096ba1c780ff2e57997a00246b06,4781
    pantry-tree:
      size: 3971
      sha256: a4e25a1e953ac5cc7ee25ab141aa2f23418e02251ffe6ba47748fbe27da87462
  original:
    hackage: network-3.1.2.2@sha256:218e2968e03d99c40f32a2ef7cc41a848969096ba1c780ff2e57997a00246b06,4781
- completed:
    hackage: network-bsd-2.8.1.0@sha256:cd945ea08818281e4a8fa6f0a0640a1502aad3748546a3c197e071772452a9bd,3738
    pantry-tree:
      size: 264
      sha256: f8f2a2d68923368c37ceedb8935fafe39ae6dc1ec9e89e7ddad09088c2b3b053
  original:
    hackage: network-bsd-2.8.1.0@sha256:cd945ea08818281e4a8fa6f0a0640a1502aad3748546a3c197e071772452a9bd,3738
- completed:
    hackage: old-locale-1.0.0.7@sha256:fa998be2c7e00cd26a6e9075bea790caaf3932caa3e9497ad69bc20380dd6911,1071
    pantry-tree:
      size: 263
      sha256: 462ef15cb35164d585aa3860f717c9685fbf05578330490860abd544381d2e24
  original:
    hackage: old-locale-1.0.0.7@sha256:fa998be2c7e00cd26a6e9075bea790caaf3932caa3e9497ad69bc20380dd6911,1071
- completed:
    hackage: old-time-1.1.0.3@sha256:c91fbb3ee73d20ccd015842b30f1f29a304893ebe0ae3128b7bbc13d5bb0d4c8,1328
    pantry-tree:
      size: 810
      sha256: 890bbbdf4175a409efd7c7c9fe153b71680e33bebeb74c9351d7d9d3a59d3d0e
  original:
    hackage: old-time-1.1.0.3@sha256:c91fbb3ee73d20ccd015842b30f1f29a304893ebe0ae3128b7bbc13d5bb0d4c8,1328
- completed:
    hackage: parallel-3.2.2.0@sha256:421ce1717610bab82969572b96be89d83ea8d8afe7751cb54d80b996fff063d3,1817
    pantry-tree:
      size: 392
      sha256: 6bfa287011af901266cde7a7616f0f1d46afd60bd1584d8eba87e86028f0ac72
  original:
    hackage: parallel-3.2.2.0@sha256:421ce1717610bab82969572b96be89d83ea8d8afe7751cb54d80b996fff063d3,1817
- completed:
    hackage: primitive-0.7.2.0@sha256:d7c3635e83ae160129cdfe2be4092ab6389199d73a2c29adf904124dbcfe6100,2660
    pantry-tree:
      size: 1376
      sha256: e3fefef63d6466dd2fabcdc0dc48d68f96ada00b2dd9fabac5b9838d43d35116
  original:
    hackage: primitive-0.7.2.0@sha256:d7c3635e83ae160129cdfe2be4092ab6389199d73a2c29adf904124dbcfe6100,2660
- completed:
    hackage: profunctors-5.6.2@sha256:d91e81cf7fc186d616543d5ca7aad78b1c45c692486ca75a3f022466ff8e4bad,2483
    pantry-tree:
      size: 1588
      sha256: e28e8cc25235bcedbfe9234c5a5df0b19f0525e1e413be9234db8a5f2fa9f6d5
  original:
    hackage: profunctors-5.6.2@sha256:d91e81cf7fc186d616543d5ca7aad78b1c45c692486ca75a3f022466ff8e4bad,2483
- completed:
    hackage: reflection-2.1.6@sha256:044acb7caf41a9d8246878f849baed2dffbc4582d0a1e5c7c079d4287239e970,3976
    pantry-tree:
      size: 1062
      sha256: f5aeb758b72cdb290de887c0db7297071c92f263870b0aee64801f420b85b83d
  original:
    hackage: reflection-2.1.6@sha256:044acb7caf41a9d8246878f849baed2dffbc4582d0a1e5c7c079d4287239e970,3976
- completed:
    hackage: regex-compat-0.95.2.1@sha256:32c5162c97e067fbd8dacd43a594d281245100823f206d69f3f7ba48c1dc2fe5,1756
    pantry-tree:
      size: 262
      sha256: 1e30c2697841a2f4afd07a25c3f6d0298b8e0ef59646a50f00a9667e3227c1b5
  original:
    hackage: regex-compat-0.95.2.1@sha256:32c5162c97e067fbd8dacd43a594d281245100823f206d69f3f7ba48c1dc2fe5,1756
- completed:
    hackage: scientific-0.3.7.0@sha256:0f188a7b92780d81a2e3cf1195a3a24cfe3e7c43d0e9e0f2101a465803d68076,4773
    pantry-tree:
      size: 657
      sha256: bf2a42f08eea0d1845aaf1d4897b2c9c7d1d7da6ed4a07f481b38224f6be3f3c
  original:
    hackage: scientific-0.3.7.0@sha256:0f188a7b92780d81a2e3cf1195a3a24cfe3e7c43d0e9e0f2101a465803d68076,4773
- completed:
    hackage: semigroupoids-5.3.5@sha256:e9ad7265a3baca520054fd2f9d6b1ebe6779502dc377550c99dee43e88555a8f,7439
    pantry-tree:
      size: 1834
      sha256: c486e6cddb9c3c2ce6ba074a3e95dd5511eb85b95d702ee3f3cb7e013943ea95
  original:
    hackage: semigroupoids-5.3.5@sha256:e9ad7265a3baca520054fd2f9d6b1ebe6779502dc377550c99dee43e88555a8f,7439
- completed:
    hackage: shelly-1.9.0@sha256:ee030e939e2e5367cf33923c1b9e20bd0793667b02f4baf3d6224984b9b94720,5298
    pantry-tree:
      size: 2314
      sha256: 03feb7c21cd302e6f398cad3f33437dbcbedad52c255d7032903f03fbbab8065
  original:
    hackage: shelly-1.9.0@sha256:ee030e939e2e5367cf33923c1b9e20bd0793667b02f4baf3d6224984b9b94720,5298
- completed:
    hackage: streaming-commons-0.2.2.1@sha256:28abce35b48dcfb871926dad4cb37bdf737372892b4e5222abc97ca31f2ac738,5159
    pantry-tree:
      size: 3325
      sha256: 2a79114539476ebd44d392a1f76174b32bc4d48a6f2bf5dcf7fa6b7494efdf4b
  original:
    hackage: streaming-commons-0.2.2.1@sha256:28abce35b48dcfb871926dad4cb37bdf737372892b4e5222abc97ca31f2ac738,5159
- completed:
    hackage: strict-0.4.0.1@sha256:50187e750751a258efea12ef2979e16a014a953c15bf4c2fca2f1168a44a5a12,4156
    pantry-tree:
      size: 654
      sha256: 9a77336d5ca39e544ca8efac244e885592509e8feceb658a1d1178e3c845ab6e
  original:
    hackage: strict-0.4.0.1@sha256:50187e750751a258efea12ef2979e16a014a953c15bf4c2fca2f1168a44a5a12,4156
- completed:
    hackage: tagged-0.8.6.1@sha256:29c67d98a4404607f024750ab9c7210dadcbbef4e1944c48c52902f2071b2662,2874
    pantry-tree:
      size: 496
      sha256: 4548d4f2d43e25a182ac6f5da34364c4a41a1da88468c671445a0bf2a70c130c
  original:
    hackage: tagged-0.8.6.1@sha256:29c67d98a4404607f024750ab9c7210dadcbbef4e1944c48c52902f2071b2662,2874
- completed:
    hackage: th-abstraction-0.4.2.0@sha256:6ba7b201931f614173755f060fdf98f02095df68c1f7bc3e2691cf9d443e81f9,2194
    pantry-tree:
      size: 670
      sha256: 9e29dc5083e377432696a48b83b12dda1820f24b3e47fcb4df5b6cd682985fd5
  original:
    hackage: th-abstraction-0.4.2.0@sha256:6ba7b201931f614173755f060fdf98f02095df68c1f7bc3e2691cf9d443e81f9,2194
- completed:
    hackage: these-1.1.1.1@sha256:bdc0a3015b2e5cdf016e402937d71856ae5fe4e9e9a0d4823cc94a214c55a39b,2732
    pantry-tree:
      size: 351
      sha256: e2239c011d1fba5fbd5a826e9aacc16d3163bd55ecd3122e3de84102f40e60f5
  original:
    hackage: these-1.1.1.1@sha256:bdc0a3015b2e5cdf016e402937d71856ae5fe4e9e9a0d4823cc94a214c55a39b,2732
- completed:
    hackage: time-compat-1.9.6@sha256:d8f73e5656bb70877cd9d6ee399e78627093b42065fe573c7a2a6644183d88e4,4976
    pantry-tree:
      size: 4112
      sha256: cac0dbe3e491a7793b80f0439ca3faa1d08a3269edaad4a80ededa4522c11279
  original:
    hackage: time-compat-1.9.6@sha256:d8f73e5656bb70877cd9d6ee399e78627093b42065fe573c7a2a6644183d88e4,4976
- completed:
    hackage: transformers-compat-0.7@sha256:c4cc2d01c4e490ba680e9a0b607a1a790137856a6b3af12f8bdc7788a567bcf5,5572
    pantry-tree:
      size: 1724
      sha256: a30512e81cc439716fa40462c1421db5e7bf2c394e3af572f88057fb7d908427
  original:
    hackage: transformers-compat-0.7@sha256:c4cc2d01c4e490ba680e9a0b607a1a790137856a6b3af12f8bdc7788a567bcf5,5572
- completed:
    hackage: typed-process-0.2.6.1@sha256:631cf38ffe5c895a804ce5480e74ca2cef50d6de592bd69b625935b743d99560,2062
    pantry-tree:
      size: 529
      sha256: 508121843ac65b6079c3c7d7ec41804312cca07a2dacd5f40be9073ac72fc1c4
  original:
    hackage: typed-process-0.2.6.1@sha256:631cf38ffe5c895a804ce5480e74ca2cef50d6de592bd69b625935b743d99560,2062
- completed:
    hackage: unix-compat-0.5.3@sha256:60be4a0b2e1cd873e5ad5f0cc9e53575b77640567abb43ef700d5b323ca2ac49,1987
    pantry-tree:
      size: 1044
      sha256: ee4610b3aaf342af829a4c29a9433778a676e1b96e1f2f59f8094ef2aab80bb8
  original:
    hackage: unix-compat-0.5.3@sha256:60be4a0b2e1cd873e5ad5f0cc9e53575b77640567abb43ef700d5b323ca2ac49,1987
- completed:
    hackage: unliftio-core-0.2.0.1@sha256:f9abcdd3f3d28e4840563efb7b8760d2de9b5707bcd6f53a87f6a0d77bb5a9f7,1082
    pantry-tree:
      size: 328
      sha256: 9955bc1336dd07c94928892f1a97aed6e5fe63a4242f089a0efd2e95174490ea
  original:
    hackage: unliftio-core-0.2.0.1@sha256:f9abcdd3f3d28e4840563efb7b8760d2de9b5707bcd6f53a87f6a0d77bb5a9f7,1082
- completed:
    hackage: unordered-containers-0.2.14.0@sha256:2fe789f78246b7c7ec10d7b85c72d898a9f72fdda5b60d581e839d21016bc628,4992
    pantry-tree:
      size: 1388
      sha256: 5121130cab52b113a4b8affcf330fee1f896716f47e170893d72a301f9d27233
  original:
    hackage: unordered-containers-0.2.14.0@sha256:2fe789f78246b7c7ec10d7b85c72d898a9f72fdda5b60d581e839d21016bc628,4992
- completed:
    hackage: uuid-types-1.0.5@sha256:5031383749d57cb95877d7e56f0300be66652b6e57f5ba6681dcc6e4f78d046d,2541
    pantry-tree:
      size: 480
      sha256: e11a2bc87a8c811480a62f6cf08a2e53480b468b0fdf6fbe1c063f207b6aa796
  original:
    hackage: uuid-types-1.0.5@sha256:5031383749d57cb95877d7e56f0300be66652b6e57f5ba6681dcc6e4f78d046d,2541
- completed:
    hackage: vector-0.12.3.0@sha256:0ae2c1ba86f0077910be242ec6802cc3d7725fe7b2bea6987201aa3737b239b5,7953
    pantry-tree:
      size: 3842
      sha256: 11121a60e271d7971b68d603e4727673e8ffb724c858106bb739997ae00e485a
  original:
    hackage: vector-0.12.3.0@sha256:0ae2c1ba86f0077910be242ec6802cc3d7725fe7b2bea6987201aa3737b239b5,7953
- completed:
    hackage: StateVar-1.2.2@sha256:3c022c00485fe165e3080d5da6b3ca9c9b02f62c5deebc584d1b3d1309ce673e,1673
    pantry-tree:
      size: 314
      sha256: 204cac98219e99334f47b12c565945611748ea03a4d629273dd697d738bcfd7f
  original:
    hackage: StateVar-1.2.2@sha256:3c022c00485fe165e3080d5da6b3ca9c9b02f62c5deebc584d1b3d1309ce673e,1673
- completed:
    hackage: adjunctions-4.4@sha256:2738dd5f5d5e93749adb14a05472e58a96a75d0f299e46371c6f46dc4e97daf9,3067
    pantry-tree:
      size: 1560
      sha256: b9b90a45e77481a8f24baa9b61dbf862199ec736b99344b5c7ae9c905f0425d8
  original:
    hackage: adjunctions-4.4@sha256:2738dd5f5d5e93749adb14a05472e58a96a75d0f299e46371c6f46dc4e97daf9,3067
- completed:
    hackage: base-compat-0.11.2@sha256:f95374022a56e8c74a289e2b70ec50a1365f58b5f1f50f5c7f0fc14edf88f30e,7230
    pantry-tree:
      size: 8766
      sha256: a086220241249f89a69189cc09bade06a4c2bf8e71ccce4a57ea5114392a6fd5
  original:
    hackage: base-compat-0.11.2@sha256:f95374022a56e8c74a289e2b70ec50a1365f58b5f1f50f5c7f0fc14edf88f30e,7230
- completed:
    hackage: enclosed-exceptions-1.0.3@sha256:6d4e9b5156721ccfa62d3cdcbf13d8571773031050ec714cb55b841f0c183f6a,1911
    pantry-tree:
      size: 391
      sha256: 368b7dc151ff8bc024462f47609cdf1656eabab28e177e70d8dcb03ceca4bcbf
  original:
    hackage: enclosed-exceptions-1.0.3@sha256:6d4e9b5156721ccfa62d3cdcbf13d8571773031050ec714cb55b841f0c183f6a,1911
- completed:
    hackage: integer-logarithms-1.0.3.1@sha256:888fb6c4fbd79ed2e8f8b94b61bccac25f7fab2b13b32b496e86828bc60b17cf,3184
    pantry-tree:
      size: 865
      sha256: 2acf4af718486ea69edd023edd333f836fdd52a07e2211677b5bf22d78da41db
  original:
    hackage: integer-logarithms-1.0.3.1@sha256:888fb6c4fbd79ed2e8f8b94b61bccac25f7fab2b13b32b496e86828bc60b17cf,3184
- completed:
    hackage: invariant-0.5.4@sha256:04596946f13f4ec241eae5382c3c19eefebf6a7e2e5e60a4b8187c9115f8594a,3400
    pantry-tree:
      size: 650
      sha256: a25ae15c236b73849c1389a9f314ea2a447b2b1a370349df5227e37229629679
  original:
    hackage: invariant-0.5.4@sha256:04596946f13f4ec241eae5382c3c19eefebf6a7e2e5e60a4b8187c9115f8594a,3400
- completed:
    hackage: lifted-async-0.10.2.1@sha256:36f9b64dd6ca20b6c4e1e23a26a0c439448f605818c38827e2a9c4b4ea545351,2784
    pantry-tree:
      size: 872
      sha256: fa7000c2a92c7731f3bd634d30ea0dac50c8cb51983be2c84048db7362ddb0de
  original:
    hackage: lifted-async-0.10.2.1@sha256:36f9b64dd6ca20b6c4e1e23a26a0c439448f605818c38827e2a9c4b4ea545351,2784
- completed:
    hackage: lifted-base-0.2.3.12@sha256:e94ad0692c9c5d85c373e508f23654f2da8ac8c3e475c2b65ffbc04fb165ad69,3369
    pantry-tree:
      size: 1129
      sha256: a1d78bdab90ed2863854f825f6ab277e5df0af856fec06ac1c39131e8019aef5
  original:
    hackage: lifted-base-0.2.3.12@sha256:e94ad0692c9c5d85c373e508f23654f2da8ac8c3e475c2b65ffbc04fb165ad69,3369
- completed:
    hackage: monad-control-1.0.3.1@sha256:2d657279839e1a760c86a69f00f0c36473ef6972d413ec0f83a40249c70e098e,2365
    pantry-tree:
      size: 292
      sha256: f6b2e10b7ad03cbc2bd1df28543c9d514d54bd39833e318b48e5f0998d876df5
  original:
    hackage: monad-control-1.0.3.1@sha256:2d657279839e1a760c86a69f00f0c36473ef6972d413ec0f83a40249c70e098e,2365
- completed:
    hackage: regex-base-0.94.0.1@sha256:35ff2d13c0e3ac364469c19e4c7c8775f5148977d8fcef58a424df0a10a53fa7,2608
    pantry-tree:
      size: 483
      sha256: adcdadb479567d388c9b8f2a48ad37a967b5a3292c8f8d19c26caba19fa10166
  original:
    hackage: regex-base-0.94.0.1@sha256:35ff2d13c0e3ac364469c19e4c7c8775f5148977d8fcef58a424df0a10a53fa7,2608
- completed:
    hackage: regex-posix-0.96.0.1@sha256:b6421e5356766b0c0a78b6094ae2e3a6259b42c147b717283c03c1cb09163dca,2920
    pantry-tree:
      size: 748
      sha256: 040eef96bb1f9a25995f973931f4bf0b2210d0c1816ebd6725896ef056b6e4c8
  original:
    hackage: regex-posix-0.96.0.1@sha256:b6421e5356766b0c0a78b6094ae2e3a6259b42c147b717283c03c1cb09163dca,2920
- completed:
    hackage: transformers-base-0.4.6@sha256:6f18f320e371c8954c4b6b211e2fdd5d15a6d6310bd605b9d640f47ede408961,1643
    pantry-tree:
      size: 275
      sha256: 6c2d24a9678865e2a5f4b6286cb17228673a6987fb546bf07b89ffbd19716ad2
  original:
    hackage: transformers-base-0.4.6@sha256:6f18f320e371c8954c4b6b211e2fdd5d15a6d6310bd605b9d640f47ede408961,1643
- completed:
    hackage: vector-algorithms-0.8.0.4@sha256:bf4760b23a0fee09abb8c9e3c952c870f5dc9780876e9d7e38ab2bdd98c8f283,3752
    pantry-tree:
      size: 1439
      sha256: 850a7481c87750751d87369690e3bacbdf986716b338ecadb3eeb1af5b192049
  original:
    hackage: vector-algorithms-0.8.0.4@sha256:bf4760b23a0fee09abb8c9e3c952c870f5dc9780876e9d7e38ab2bdd98c8f283,3752
- completed:
    hackage: zlib-0.6.2.3@sha256:28f4d460c260e074cab833625454564b9783a3389b7bb91fd54da2790b39592c,5180
    pantry-tree:
      size: 2619
      sha256: ffcf51025a4f5343a81f040fc847f13a63168889faa435f64b3a1528cd25a3d6
  original:
    hackage: zlib-0.6.2.3@sha256:28f4d460c260e074cab833625454564b9783a3389b7bb91fd54da2790b39592c,5180
- completed:
    hackage: constraints-0.13@sha256:d341eb4adbf712f928706928d23a173fb3d0976f0dfaf6a274958975d5fc9e75,2338
    pantry-tree:
      size: 867
      sha256: 1c77e76df6d1e569be38a305a07db1139cb071d866f25a4cee9b84bf7ab2e7a1
  original:
    hackage: constraints-0.13@sha256:d341eb4adbf712f928706928d23a173fb3d0976f0dfaf6a274958975d5fc9e75,2338
- completed:
    hackage: semigroups-0.19.1@sha256:cd827aaba0c2b57727dedecdfcc7eec5f14719b73c7675037c73c74f642c1782,6463
    pantry-tree:
      size: 534
      sha256: f773be83661c796d1456266ee7965babf4f358c84e29791de9fb5d3745efd3c2
  original:
    hackage: semigroups-0.19.1@sha256:cd827aaba0c2b57727dedecdfcc7eec5f14719b73c7675037c73c74f642c1782,6463
- completed:
    hackage: void-0.7.3@sha256:13d30f62fcdf065e595d679d4ac8b4b0c1bb1a1b73db7b5b5a8f857cb5c8a546,1857
    pantry-tree:
      size: 584
      sha256: 5730b45e857424c97d24ee1cf530be1fc782cd000221ac97b5568be886cbbc2b
  original:
    hackage: void-0.7.3@sha256:13d30f62fcdf065e595d679d4ac8b4b0c1bb1a1b73db7b5b5a8f857cb5c8a546,1857
- completed:
    hackage: type-equality-1@sha256:f2a895a7b22384d9b43a9c6608725b2de7581e77e5b20ab9cfe3f959f6cd71a8,1569
    pantry-tree:
      size: 313
      sha256: 8b8cfe545f3455c6fbd90751e15e6f742ae6be137557ed67bd2d642c07ff712f
  original:
    hackage: type-equality-1@sha256:f2a895a7b22384d9b43a9c6608725b2de7581e77e5b20ab9cfe3f959f6cd71a8,1569
- completed:
    hackage: hspec-2.8.3@sha256:43a42e23994a6c61a7adead7e8a412016680234f5a14a157f68c020871e59534,1709
    pantry-tree:
      size: 583
      sha256: 44d06a4d76211f29d1ef5de004f363448cdfe65d897bc102ad3218b3fc6b147b
  original:
    hackage: hspec-2.8.3@sha256:43a42e23994a6c61a7adead7e8a412016680234f5a14a157f68c020871e59534,1709
- completed:
    hackage: QuickCheck-2.14.2@sha256:4ce29211223d5e6620ebceba34a3ca9ccf1c10c0cf387d48aea45599222ee5aa,7736
    pantry-tree:
      size: 2315
      sha256: 2fe423d0ed7cd64f0f165d708779f48814e66c4f181c568468134af55d86a5f8
  original:
    hackage: QuickCheck-2.14.2@sha256:4ce29211223d5e6620ebceba34a3ca9ccf1c10c0cf387d48aea45599222ee5aa,7736
- completed:
    hackage: hspec-core-2.8.3@sha256:e4c1e08e16842804c470c2b4722e417ed2a556a47a74107401ad42195522f7a7,4992
    pantry-tree:
      size: 4386
      sha256: a1e51583be8ee39c54314f003f251e5221c98594f26fb5e716ddc400ae85b8a3
  original:
    hackage: hspec-core-2.8.3@sha256:e4c1e08e16842804c470c2b4722e417ed2a556a47a74107401ad42195522f7a7,4992
- completed:
    hackage: hspec-discover-2.8.3@sha256:b94758b375b5a810ea4c4c187381211c3acc77007f6f795c4e79f206ed6da56a,2025
    pantry-tree:
      size: 828
      sha256: 9625353c11b7e231f295cd6070e9c838a49a250488e8ad3324dc5706f33c0fe8
  original:
    hackage: hspec-discover-2.8.3@sha256:b94758b375b5a810ea4c4c187381211c3acc77007f6f795c4e79f206ed6da56a,2025
- completed:
    hackage: hspec-expectations-0.8.2@sha256:e2db24881baadc2d9d23b03cb629e80dcbda89a6b04ace9adb5f4d02ef8b31aa,1594
    pantry-tree:
      size: 602
      sha256: cba2c119c85cf68a18d35cccb365d032359442c82ceb93b295020609712d791f
  original:
    hackage: hspec-expectations-0.8.2@sha256:e2db24881baadc2d9d23b03cb629e80dcbda89a6b04ace9adb5f4d02ef8b31aa,1594
- completed:
    hackage: HUnit-1.6.2.0@sha256:1a79174e8af616117ad39464cac9de205ca923da6582825e97c10786fda933a4,1588
    pantry-tree:
      size: 878
      sha256: 4f20a5a33866171260d0ee1e256c27f53cc84d37a68d498c3e12347f4e3d05b4
  original:
    hackage: HUnit-1.6.2.0@sha256:1a79174e8af616117ad39464cac9de205ca923da6582825e97c10786fda933a4,1588
- completed:
    hackage: ansi-terminal-0.11@sha256:97470250c92aae14c4c810d7f664c532995ba8910e2ad797b29f22ad0d2d0194,3307
    pantry-tree:
      size: 1461
      sha256: 4098c4b8bb503fcf0730aedc8247a479d3e22fd1fe4c6b4b2b2b5da30bdfb713
  original:
    hackage: ansi-terminal-0.11@sha256:97470250c92aae14c4c810d7f664c532995ba8910e2ad797b29f22ad0d2d0194,3307
- completed:
    hackage: clock-0.8.2@sha256:473ffd59765cc67634bdc55b63c699a85addf3a024089073ec2a862881e83e2a,4313
    pantry-tree:
      size: 383
      sha256: 8c259cbab153b142020fcb1bd4ca787e0205b5faef6fa2457d83c5d726147a93
  original:
    hackage: clock-0.8.2@sha256:473ffd59765cc67634bdc55b63c699a85addf3a024089073ec2a862881e83e2a,4313
- completed:
    hackage: quickcheck-io-0.2.0@sha256:7bf0b68fb90873825eb2e5e958c1b76126dcf984debb998e81673e6d837e0b2d,1133
    pantry-tree:
      size: 223
      sha256: afaa27fbf8b35aa7ce174abd9c59a84a12fd7f3d08300c3280b22c1d204f11ca
  original:
    hackage: quickcheck-io-0.2.0@sha256:7bf0b68fb90873825eb2e5e958c1b76126dcf984debb998e81673e6d837e0b2d,1133
- completed:
    hackage: setenv-0.1.1.3@sha256:c5916ac0d2a828473cd171261328a290afe0abd799db1ac8c310682fe778c45b,1053
    pantry-tree:
      size: 212
      sha256: 9a071cf2552e6881cd3ac0ce81252d5b96ac7f42cae517d973ea167e3d503265
  original:
    hackage: setenv-0.1.1.3@sha256:c5916ac0d2a828473cd171261328a290afe0abd799db1ac8c310682fe778c45b,1053
- completed:
    hackage: splitmix-0.1.0.3@sha256:fc3aae74c467f4b608050bef53aec17904a618731df9407e655d8f3bf8c32d5c,6049
    pantry-tree:
      size: 1400
      sha256: 8290f921f41c3628a6c9871502e57fd1d25f5954967afbf4ed16717fd8d3656f
  original:
    hackage: splitmix-0.1.0.3@sha256:fc3aae74c467f4b608050bef53aec17904a618731df9407e655d8f3bf8c32d5c,6049
- completed:
    hackage: tf-random-0.5@sha256:14012837d0f0e18fdbbe3d56e67da8622ee5e20b180abce952dd50bd9f36b326,3983
    pantry-tree:
      size: 941
      sha256: d6483580cfea846cbf23ff1d7a67849546d5096425b6d61318a34554043b4ffb
  original:
    hackage: tf-random-0.5@sha256:14012837d0f0e18fdbbe3d56e67da8622ee5e20b180abce952dd50bd9f36b326,3983
- completed:
    hackage: colour-2.3.6@sha256:ebdcbf15023958838a527e381ab3c3b1e99ed12d1b25efeb7feaa4ad8c37664a,2378
    pantry-tree:
      size: 1183
      sha256: 03f8e22f364deb86098dbfbe0bf83c896437b2355f139abdac0402658fb6ac7e
  original:
    hackage: colour-2.3.6@sha256:ebdcbf15023958838a527e381ab3c3b1e99ed12d1b25efeb7feaa4ad8c37664a,2378
- completed:
    hackage: random-1.2.0@sha256:195506fedaa7c31c1fa2a747e9b49b4a5d1f0b09dd8f1291f23a771656faeec3,6097
    pantry-tree:
      size: 1259
      sha256: 77505a2919b4d1d84abc36c995046f661741251e58a592ed826b7c1aee1c044c
  original:
    hackage: random-1.2.0@sha256:195506fedaa7c31c1fa2a747e9b49b4a5d1f0b09dd8f1291f23a771656faeec3,6097
snapshots: []
